
Microsoft Visual Studio Solution File, Format Version 12.00
# Visual Studio Version 16
VisualStudioVersion = 16.0.29403.142
MinimumVisualStudioVersion = 10.0.40219.1
Project("{FAE04EC0-301F-11D3-BF4B-00C04F79EFBC}") = "sortowanie_watkowe", "sortowanie_watkowe\sortowanie_watkowe.csproj", "{300F6409-7D58-4681-BDE8-F4EE7A5AC6B2}"
EndProject
Global
	GlobalSection(SolutionConfigurationPlatforms) = preSolution
		Debug|Any CPU = Debug|Any CPU
		Release|Any CPU = Release|Any CPU
	EndGlobalSection
	GlobalSection(ProjectConfigurationPlatforms) = postSolution
		{300F6409-7D58-4681-BDE8-F4EE7A5AC6B2}.Debug|Any CPU.ActiveCfg = Debug|Any CPU
		{300F6409-7D58-4681-BDE8-F4EE7A5AC6B2}.Debug|Any CPU.Build.0 = Debug|Any CPU
		{300F6409-7D58-4681-BDE8-F4EE7A5AC6B2}.Release|Any CPU.ActiveCfg = Release|Any CPU
		{300F6409-7D58-4681-BDE8-F4EE7A5AC6B2}.Release|Any CPU.Build.0 = Release|Any CPU
	EndGlobalSection
	GlobalSection(SolutionProperties) = preSolution
		HideSolutionNode = FALSE
	EndGlobalSection
	GlobalSection(ExtensibilityGlobals) = postSolution
		SolutionGuid = {4BA0A3D2-5B3D-43EB-A23B-3BFD57D3624B}
	EndGlobalSection
EndGlobal
